
Microsoft Visual Studio Solution File, Format Version 12.00
# Visual Studio Version 17
VisualStudioVersion = 17.4.33213.308
MinimumVisualStudioVersion = 10.0.40219.1
Project("{FAE04EC0-301F-11D3-BF4B-00C04F79EFBC}") = "nahodna_slova", "nahodna_slova\nahodna_slova.csproj", "{8B05BCCE-F00E-43AF-835E-FBD1698E1035}"
EndProject
Global
	GlobalSection(SolutionConfigurationPlatforms) = preSolution
		Debug|Any CPU = Debug|Any CPU
		Release|Any CPU = Release|Any CPU
	EndGlobalSection
	GlobalSection(ProjectConfigurationPlatforms) = postSolution
		{8B05BCCE-F00E-43AF-835E-FBD1698E1035}.Debug|Any CPU.ActiveCfg = Debug|Any CPU
		{8B05BCCE-F00E-43AF-835E-FBD1698E1035}.Debug|Any CPU.Build.0 = Debug|Any CPU
		{8B05BCCE-F00E-43AF-835E-FBD1698E1035}.Release|Any CPU.ActiveCfg = Release|Any CPU
		{8B05BCCE-F00E-43AF-835E-FBD1698E1035}.Release|Any CPU.Build.0 = Release|Any CPU
	EndGlobalSection
	GlobalSection(SolutionProperties) = preSolution
		HideSolutionNode = FALSE
	EndGlobalSection
	GlobalSection(ExtensibilityGlobals) = postSolution
		SolutionGuid = {14C2908E-3FF5-4633-BF36-3814AA51DECC}
	EndGlobalSection
EndGlobal
